
Microsoft Visual Studio Solution File, Format Version 12.00
# Visual Studio Version 17
VisualStudioVersion = 17.0.31903.59
MinimumVisualStudioVersion = 10.0.40219.1
Project("{2150E333-8FDC-42A3-9474-1A3956D46DE8}") = "src", "src", "{827E0CD3-B72D-47B6-A68D-7590B98EB39B}"
EndProject
Project("{FAE04EC0-301F-11D3-BF4B-00C04F79EFBC}") = "QuickCalc.Core", "src\QuickCalc.Core\QuickCalc.Core.csproj", "{611F0F45-5DD9-44D4-B3DC-1417BB87036D}"
EndProject
Project("{FAE04EC0-301F-11D3-BF4B-00C04F79EFBC}") = "QuickCalc.Windows", "src\QuickCalc.Windows\QuickCalc.Windows.csproj", "{54529DDB-9038-4EB8-8164-2F4790838A4A}"
EndProject
Project("{FAE04EC0-301F-11D3-BF4B-00C04F79EFBC}") = "QuickCalc.App", "src\QuickCalc.App\QuickCalc.App.csproj", "{B150865D-5C33-44E8-ADA3-65604D44E114}"
EndProject
Project("{2150E333-8FDC-42A3-9474-1A3956D46DE8}") = "tests", "tests", "{0AB3BF05-4346-4AA6-1389-037BE0695223}"
EndProject
Project("{FAE04EC0-301F-11D3-BF4B-00C04F79EFBC}") = "QuickCalc.Core.Tests", "tests\QuickCalc.Core.Tests\QuickCalc.Core.Tests.csproj", "{9F2FDBB6-E402-4885-B1CC-E8976FE925C1}"
EndProject
Project("{FAE04EC0-301F-11D3-BF4B-00C04F79EFBC}") = "QuickCalc.Integration.Tests", "tests\QuickCalc.Integration.Tests\QuickCalc.Integration.Tests.csproj", "{901B8214-5527-4EEB-B436-25774E0DF41A}"
EndProject
Project("{FAE04EC0-301F-11D3-BF4B-00C04F79EFBC}") = "QuickCalc.TestHost", "tests\QuickCalc.TestHost\QuickCalc.TestHost.csproj", "{73E4B2F9-89B8-4107-836B-E1EA1F995E8C}"
EndProject
Global
	GlobalSection(SolutionConfigurationPlatforms) = preSolution
		Debug|Any CPU = Debug|Any CPU
		Debug|x64 = Debug|x64
		Debug|x86 = Debug|x86
		Release|Any CPU = Release|Any CPU
		Release|x64 = Release|x64
		Release|x86 = Release|x86
	EndGlobalSection
	GlobalSection(ProjectConfigurationPlatforms) = postSolution
		{611F0F45-5DD9-44D4-B3DC-1417BB87036D}.Debug|Any CPU.ActiveCfg = Debug|Any CPU
		{611F0F45-5DD9-44D4-B3DC-1417BB87036D}.Debug|Any CPU.Build.0 = Debug|Any CPU
		{611F0F45-5DD9-44D4-B3DC-1417BB87036D}.Debug|x64.ActiveCfg = Debug|Any CPU
		{611F0F45-5DD9-44D4-B3DC-1417BB87036D}.Debug|x64.Build.0 = Debug|Any CPU
		{611F0F45-5DD9-44D4-B3DC-1417BB87036D}.Debug|x86.ActiveCfg = Debug|Any CPU
		{611F0F45-5DD9-44D4-B3DC-1417BB87036D}.Debug|x86.Build.0 = Debug|Any CPU
		{611F0F45-5DD9-44D4-B3DC-1417BB87036D}.Release|Any CPU.ActiveCfg = Release|Any CPU
		{611F0F45-5DD9-44D4-B3DC-1417BB87036D}.Release|Any CPU.Build.0 = Release|Any CPU
		{611F0F45-5DD9-44D4-B3DC-1417BB87036D}.Release|x64.ActiveCfg = Release|Any CPU
		{611F0F45-5DD9-44D4-B3DC-1417BB87036D}.Release|x64.Build.0 = Release|Any CPU
		{611F0F45-5DD9-44D4-B3DC-1417BB87036D}.Release|x86.ActiveCfg = Release|Any CPU
		{611F0F45-5DD9-44D4-B3DC-1417BB87036D}.Release|x86.Build.0 = Release|Any CPU
		{54529DDB-9038-4EB8-8164-2F4790838A4A}.Debug|Any CPU.ActiveCfg = Debug|Any CPU
		{54529DDB-9038-4EB8-8164-2F4790838A4A}.Debug|Any CPU.Build.0 = Debug|Any CPU
		{54529DDB-9038-4EB8-8164-2F4790838A4A}.Debug|x64.ActiveCfg = Debug|Any CPU
		{54529DDB-9038-4EB8-8164-2F4790838A4A}.Debug|x64.Build.0 = Debug|Any CPU
		{54529DDB-9038-4EB8-8164-2F4790838A4A}.Debug|x86.ActiveCfg = Debug|Any CPU
		{54529DDB-9038-4EB8-8164-2F4790838A4A}.Debug|x86.Build.0 = Debug|Any CPU
		{54529DDB-9038-4EB8-8164-2F4790838A4A}.Release|Any CPU.ActiveCfg = Release|Any CPU
		{54529DDB-9038-4EB8-8164-2F4790838A4A}.Release|Any CPU.Build.0 = Release|Any CPU
		{54529DDB-9038-4EB8-8164-2F4790838A4A}.Release|x64.ActiveCfg = Release|Any CPU
		{54529DDB-9038-4EB8-8164-2F4790838A4A}.Release|x64.Build.0 = Release|Any CPU
		{54529DDB-9038-4EB8-8164-2F4790838A4A}.Release|x86.ActiveCfg = Release|Any CPU
		{54529DDB-9038-4EB8-8164-2F4790838A4A}.Release|x86.Build.0 = Release|Any CPU
		{B150865D-5C33-44E8-ADA3-65604D44E114}.Debug|Any CPU.ActiveCfg = Debug|Any CPU
		{B150865D-5C33-44E8-ADA3-65604D44E114}.Debug|Any CPU.Build.0 = Debug|Any CPU
		{B150865D-5C33-44E8-ADA3-65604D44E114}.Debug|x64.ActiveCfg = Debug|Any CPU
		{B150865D-5C33-44E8-ADA3-65604D44E114}.Debug|x64.Build.0 = Debug|Any CPU
		{B150865D-5C33-44E8-ADA3-65604D44E114}.Debug|x86.ActiveCfg = Debug|Any CPU
		{B150865D-5C33-44E8-ADA3-65604D44E114}.Debug|x86.Build.0 = Debug|Any CPU
		{B150865D-5C33-44E8-ADA3-65604D44E114}.Release|Any CPU.ActiveCfg = Release|Any CPU
		{B150865D-5C33-44E8-ADA3-65604D44E114}.Release|Any CPU.Build.0 = Release|Any CPU
		{B150865D-5C33-44E8-ADA3-65604D44E114}.Release|x64.ActiveCfg = Release|Any CPU
		{B150865D-5C33-44E8-ADA3-65604D44E114}.Release|x64.Build.0 = Release|Any CPU
		{B150865D-5C33-44E8-ADA3-65604D44E114}.Release|x86.ActiveCfg = Release|Any CPU
		{B150865D-5C33-44E8-ADA3-65604D44E114}.Release|x86.Build.0 = Release|Any CPU
		{9F2FDBB6-E402-4885-B1CC-E8976FE925C1}.Debug|Any CPU.ActiveCfg = Debug|Any CPU
		{9F2FDBB6-E402-4885-B1CC-E8976FE925C1}.Debug|Any CPU.Build.0 = Debug|Any CPU
		{9F2FDBB6-E402-4885-B1CC-E8976FE925C1}.Debug|x64.ActiveCfg = Debug|Any CPU
		{9F2FDBB6-E402-4885-B1CC-E8976FE925C1}.Debug|x64.Build.0 = Debug|Any CPU
		{9F2FDBB6-E402-4885-B1CC-E8976FE925C1}.Debug|x86.ActiveCfg = Debug|Any CPU
		{9F2FDBB6-E402-4885-B1CC-E8976FE925C1}.Debug|x86.Build.0 = Debug|Any CPU
		{9F2FDBB6-E402-4885-B1CC-E8976FE925C1}.Release|Any CPU.ActiveCfg = Release|Any CPU
		{9F2FDBB6-E402-4885-B1CC-E8976FE925C1}.Release|Any CPU.Build.0 = Release|Any CPU
		{9F2FDBB6-E402-4885-B1CC-E8976FE925C1}.Release|x64.ActiveCfg = Release|Any CPU
		{9F2FDBB6-E402-4885-B1CC-E8976FE925C1}.Release|x64.Build.0 = Release|Any CPU
		{9F2FDBB6-E402-4885-B1CC-E8976FE925C1}.Release|x86.ActiveCfg = Release|Any CPU
		{9F2FDBB6-E402-4885-B1CC-E8976FE925C1}.Release|x86.Build.0 = Release|Any CPU
		{901B8214-5527-4EEB-B436-25774E0DF41A}.Debug|Any CPU.ActiveCfg = Debug|Any CPU
		{901B8214-5527-4EEB-B436-25774E0DF41A}.Debug|Any CPU.Build.0 = Debug|Any CPU
		{901B8214-5527-4EEB-B436-25774E0DF41A}.Debug|x64.ActiveCfg = Debug|Any CPU
		{901B8214-5527-4EEB-B436-25774E0DF41A}.Debug|x64.Build.0 = Debug|Any CPU
		{901B8214-5527-4EEB-B436-25774E0DF41A}.Debug|x86.ActiveCfg = Debug|Any CPU
		{901B8214-5527-4EEB-B436-25774E0DF41A}.Debug|x86.Build.0 = Debug|Any CPU
		{901B8214-5527-4EEB-B436-25774E0DF41A}.Release|Any CPU.ActiveCfg = Release|Any CPU
		{901B8214-5527-4EEB-B436-25774E0DF41A}.Release|Any CPU.Build.0 = Release|Any CPU
		{901B8214-5527-4EEB-B436-25774E0DF41A}.Release|x64.ActiveCfg = Release|Any CPU
		{901B8214-5527-4EEB-B436-25774E0DF41A}.Release|x64.Build.0 = Release|Any CPU
		{901B8214-5527-4EEB-B436-25774E0DF41A}.Release|x86.ActiveCfg = Release|Any CPU
		{901B8214-5527-4EEB-B436-25774E0DF41A}.Release|x86.Build.0 = Release|Any CPU
		{73E4B2F9-89B8-4107-836B-E1EA1F995E8C}.Debug|Any CPU.ActiveCfg = Debug|Any CPU
		{73E4B2F9-89B8-4107-836B-E1EA1F995E8C}.Debug|Any CPU.Build.0 = Debug|Any CPU
		{73E4B2F9-89B8-4107-836B-E1EA1F995E8C}.Debug|x64.ActiveCfg = Debug|Any CPU
		{73E4B2F9-89B8-4107-836B-E1EA1F995E8C}.Debug|x64.Build.0 = Debug|Any CPU
		{73E4B2F9-89B8-4107-836B-E1EA1F995E8C}.Debug|x86.ActiveCfg = Debug|Any CPU
		{73E4B2F9-89B8-4107-836B-E1EA1F995E8C}.Debug|x86.Build.0 = Debug|Any CPU
		{73E4B2F9-89B8-4107-836B-E1EA1F995E8C}.Release|Any CPU.ActiveCfg = Release|Any CPU
		{73E4B2F9-89B8-4107-836B-E1EA1F995E8C}.Release|Any CPU.Build.0 = Release|Any CPU
		{73E4B2F9-89B8-4107-836B-E1EA1F995E8C}.Release|x64.ActiveCfg = Release|Any CPU
		{73E4B2F9-89B8-4107-836B-E1EA1F995E8C}.Release|x64.Build.0 = Release|Any CPU
		{73E4B2F9-89B8-4107-836B-E1EA1F995E8C}.Release|x86.ActiveCfg = Release|Any CPU
		{73E4B2F9-89B8-4107-836B-E1EA1F995E8C}.Release|x86.Build.0 = Release|Any CPU
	EndGlobalSection
	GlobalSection(SolutionProperties) = preSolution
		HideSolutionNode = FALSE
	EndGlobalSection
	GlobalSection(NestedProjects) = preSolution
		{611F0F45-5DD9-44D4-B3DC-1417BB87036D} = {827E0CD3-B72D-47B6-A68D-7590B98EB39B}
		{54529DDB-9038-4EB8-8164-2F4790838A4A} = {827E0CD3-B72D-47B6-A68D-7590B98EB39B}
		{B150865D-5C33-44E8-ADA3-65604D44E114} = {827E0CD3-B72D-47B6-A68D-7590B98EB39B}
		{9F2FDBB6-E402-4885-B1CC-E8976FE925C1} = {0AB3BF05-4346-4AA6-1389-037BE0695223}
		{901B8214-5527-4EEB-B436-25774E0DF41A} = {0AB3BF05-4346-4AA6-1389-037BE0695223}
		{73E4B2F9-89B8-4107-836B-E1EA1F995E8C} = {0AB3BF05-4346-4AA6-1389-037BE0695223}
	EndGlobalSection
EndGlobal
